
Microsoft Visual Studio Solution File, Format Version 12.00
# Visual Studio Version 17
VisualStudioVersion = 17.5.33530.505
MinimumVisualStudioVersion = 10.0.40219.1
Project("{9A19103F-16F7-4668-BE54-9A1E7A4F7556}") = "ChallengeApp", "ChallengeApp\ChallengeApp.csproj", "{A3D8B821-2D32-428E-9316-11EA79BE2CF1}"
EndProject
Project("{9A19103F-16F7-4668-BE54-9A1E7A4F7556}") = "ChallengeApp.Test", "ChallengeApp.Test\ChallengeApp.Test.csproj", "{16477501-1C17-4D9E-B560-6FCB304773C8}"
EndProject
Project("{FAE04EC0-301F-11D3-BF4B-00C04F79EFBC}") = "SwitchTests", "SwitchTests\SwitchTests.csproj", "{DC096E6A-E285-4666-B503-AD51F8C2E1D8}"
EndProject
Global
	GlobalSection(SolutionConfigurationPlatforms) = preSolution
		Debug|Any CPU = Debug|Any CPU
		Release|Any CPU = Release|Any CPU
	EndGlobalSection
	GlobalSection(ProjectConfigurationPlatforms) = postSolution
		{A3D8B821-2D32-428E-9316-11EA79BE2CF1}.Debug|Any CPU.ActiveCfg = Debug|Any CPU
		{A3D8B821-2D32-428E-9316-11EA79BE2CF1}.Debug|Any CPU.Build.0 = Debug|Any CPU
		{A3D8B821-2D32-428E-9316-11EA79BE2CF1}.Release|Any CPU.ActiveCfg = Release|Any CPU
		{A3D8B821-2D32-428E-9316-11EA79BE2CF1}.Release|Any CPU.Build.0 = Release|Any CPU
		{16477501-1C17-4D9E-B560-6FCB304773C8}.Debug|Any CPU.ActiveCfg = Debug|Any CPU
		{16477501-1C17-4D9E-B560-6FCB304773C8}.Debug|Any CPU.Build.0 = Debug|Any CPU
		{16477501-1C17-4D9E-B560-6FCB304773C8}.Release|Any CPU.ActiveCfg = Release|Any CPU
		{16477501-1C17-4D9E-B560-6FCB304773C8}.Release|Any CPU.Build.0 = Release|Any CPU
		{DC096E6A-E285-4666-B503-AD51F8C2E1D8}.Debug|Any CPU.ActiveCfg = Debug|Any CPU
		{DC096E6A-E285-4666-B503-AD51F8C2E1D8}.Debug|Any CPU.Build.0 = Debug|Any CPU
		{DC096E6A-E285-4666-B503-AD51F8C2E1D8}.Release|Any CPU.ActiveCfg = Release|Any CPU
		{DC096E6A-E285-4666-B503-AD51F8C2E1D8}.Release|Any CPU.Build.0 = Release|Any CPU
	EndGlobalSection
	GlobalSection(SolutionProperties) = preSolution
		HideSolutionNode = FALSE
	EndGlobalSection
	GlobalSection(ExtensibilityGlobals) = postSolution
		SolutionGuid = {8C8208F0-AADD-46A2-8FFB-6B71F08054C7}
	EndGlobalSection
EndGlobal
